# THIS IS AN AUTOGENERATED FILE. DO NOT EDIT THIS FILE DIRECTLY.
# yarn lockfile v1


"@types/chess.js@^0.11.2":
  version "0.11.2"
  resolved "https://registry.yarnpkg.com/@types/chess.js/-/chess.js-0.11.2.tgz#e5d5f502b38f24efe854572ee33a939e1e395005"
  integrity sha512-ZgT0f5Dm1x+kjA/RhCQpBM2NoUGkdk9JFdwncW7/GdqzHCOkLsOTq4k/EKRiRTCFLXR4fTKk8j7KNOmzzHQVgg==

chess.js@^0.12.0:
  version "0.12.0"
  resolved "https://registry.yarnpkg.com/chess.js/-/chess.js-0.12.0.tgz#ffca1773b93a4aa044891de81286e264ca229b00"
  integrity sha512-eF1xf4j88r/AwIRxqV1FXZbVgMt4yUx05xrL+ZMqUrY+snFrUxGVHs0VgEd3AvngujDE9th7XZqqCwEKEQ7mWQ==

cm-chessboard@^3.12.14:
  version "3.12.14"
  resolved "https://registry.yarnpkg.com/cm-chessboard/-/cm-chessboard-3.12.14.tgz#b7e38ad205090f57d26296e1818ca7bd94759ffb"
  integrity sha512-BeLtqn554TDKnFyqPVNjZDXVB3DDhxoo5elWYjeOlHV3I4iw+2Bx0YmGc+jcte+rSel/8rxNqx2Y7tjp6T+/Mg==
