# THIS IS AN AUTOGENERATED FILE. DO NOT EDIT THIS FILE DIRECTLY.
# yarn lockfile v1


highlight.js@^11.0.1:
  version "11.0.1"
  resolved "https://registry.yarnpkg.com/highlight.js/-/highlight.js-11.0.1.tgz#a78bafccd9aa297978799fe5eed9beb7ee1ef887"
  integrity sha512-EqYpWyTF2s8nMfttfBA2yLKPNoZCO33pLS4MnbXQ4hECf1TKujCt1Kq7QAdrio7roL4+CqsfjqwYj4tYgq0pJQ==

mathjax@^3.2.0:
  version "3.2.0"
  resolved "https://registry.yarnpkg.com/mathjax/-/mathjax-3.2.0.tgz#ea7c317f8c81776ecfc83b294fc313046bf7f726"
  integrity sha512-PL+rdYRK4Wxif+SQ94zP/L0sv6/oW/1WdQiIx0Jvn9FZaU5W9E6nlIv8liYAXBNPL2Fw/i+o/mZ1212eSzn0Cw==

reveal.js@^4.1.3:
  version "4.1.3"
  resolved "https://registry.yarnpkg.com/reveal.js/-/reveal.js-4.1.3.tgz#f0a805a3cbc7c4e5553d66f91404b036f0f331cf"
  integrity sha512-5VbL4nVDUedVKnOIIM3UQAIUlp+CvR/SrUkrN5GDoVfcWJAxH2oIh7PWyShy7+pE7tgkH2q+3e5EikGRpgE+oA==
